// !$*UTF8*$!
{
	archiveVersion = 1;
	classes = {
	};
	objectVersion = 55;
	objects = {

/* Begin PBXBuildFile section */
		D8906EBE28B56AC100A90355 /* AcademyModel.swift in Sources */ = {isa = PBXBuildFile; fileRef = D8906EBD28B56AC100A90355 /* AcademyModel.swift */; };
		D8906EC528B5F02700A90355 /* AcademyTableViewCell.swift in Sources */ = {isa = PBXBuildFile; fileRef = D8906EC328B5F02700A90355 /* AcademyTableViewCell.swift */; };
		D8906EC628B5F02700A90355 /* AcademyTableViewCell.xib in Resources */ = {isa = PBXBuildFile; fileRef = D8906EC428B5F02700A90355 /* AcademyTableViewCell.xib */; };
		D8ACDA6228B30F7800729CBC /* AppDelegate.swift in Sources */ = {isa = PBXBuildFile; fileRef = D8ACDA6128B30F7800729CBC /* AppDelegate.swift */; };
		D8ACDA6428B30F7800729CBC /* SceneDelegate.swift in Sources */ = {isa = PBXBuildFile; fileRef = D8ACDA6328B30F7800729CBC /* SceneDelegate.swift */; };
		D8ACDA6628B30F7800729CBC /* ViewController.swift in Sources */ = {isa = PBXBuildFile; fileRef = D8ACDA6528B30F7800729CBC /* ViewController.swift */; };
		D8ACDA6928B30F7800729CBC /* Main.storyboard in Resources */ = {isa = PBXBuildFile; fileRef = D8ACDA6728B30F7800729CBC /* Main.storyboard */; };
		D8ACDA6B28B30F8200729CBC /* Assets.xcassets in Resources */ = {isa = PBXBuildFile; fileRef = D8ACDA6A28B30F8200729CBC /* Assets.xcassets */; };
		D8ACDA6E28B30F8200729CBC /* LaunchScreen.storyboard in Resources */ = {isa = PBXBuildFile; fileRef = D8ACDA6C28B30F8200729CBC /* LaunchScreen.storyboard */; };
/* End PBXBuildFile section */

/* Begin PBXFileReference section */
		D8906EBD28B56AC100A90355 /* AcademyModel.swift */ = {isa = PBXFileReference; lastKnownFileType = sourcecode.swift; path = AcademyModel.swift; sourceTree = "<group>"; };
		D8906EC328B5F02700A90355 /* AcademyTableViewCell.swift */ = {isa = PBXFileReference; lastKnownFileType = sourcecode.swift; path = AcademyTableViewCell.swift; sourceTree = "<group>"; };
		D8906EC428B5F02700A90355 /* AcademyTableViewCell.xib */ = {isa = PBXFileReference; lastKnownFileType = file.xib; path = AcademyTableViewCell.xib; sourceTree = "<group>"; };
		D8ACDA5E28B30F7800729CBC /* FuniApp.app */ = {isa = PBXFileReference; explicitFileType = wrapper.application; includeInIndex = 0; path = FuniApp.app; sourceTree = BUILT_PRODUCTS_DIR; };
		D8ACDA6128B30F7800729CBC /* AppDelegate.swift */ = {isa = PBXFileReference; lastKnownFileType = sourcecode.swift; path = AppDelegate.swift; sourceTree = "<group>"; };
		D8ACDA6328B30F7800729CBC /* SceneDelegate.swift */ = {isa = PBXFileReference; lastKnownFileType = sourcecode.swift; path = SceneDelegate.swift; sourceTree = "<group>"; };
		D8ACDA6528B30F7800729CBC /* ViewController.swift */ = {isa = PBXFileReference; lastKnownFileType = sourcecode.swift; path = ViewController.swift; sourceTree = "<group>"; };
		D8ACDA6828B30F7800729CBC /* Base */ = {isa = PBXFileReference; lastKnownFileType = file.storyboard; name = Base; path = Base.lproj/Main.storyboard; sourceTree = "<group>"; };
		D8ACDA6A28B30F8200729CBC /* Assets.xcassets */ = {isa = PBXFileReference; lastKnownFileType = folder.assetcatalog; path = Assets.xcassets; sourceTree = "<group>"; };
		D8ACDA6D28B30F8200729CBC /* Base */ = {isa = PBXFileReference; lastKnownFileType = file.storyboard; name = Base; path = Base.lproj/LaunchScreen.storyboard; sourceTree = "<group>"; };
		D8ACDA6F28B30F8200729CBC /* Info.plist */ = {isa = PBXFileReference; lastKnownFileType = text.plist.xml; path = Info.plist; sourceTree = "<group>"; };
/* End PBXFileReference section */

/* Begin PBXFrameworksBuildPhase section */
		D8ACDA5B28B30F7800729CBC /* Frameworks */ = {
			isa = PBXFrameworksBuildPhase;
			buildActionMask = 2147483647;
			files = (
			);
			runOnlyForDeploymentPostprocessing = 0;
		};
/* End PBXFrameworksBuildPhase section */

/* Begin PBXGroup section */
		D8ACDA5528B30F7800729CBC = {
			isa = PBXGroup;
			children = (
				D8ACDA6028B30F7800729CBC /* FuniApp */,
				D8ACDA5F28B30F7800729CBC /* Products */,
			);
			sourceTree = "<group>";
		};
		D8ACDA5F28B30F7800729CBC /* Products */ = {
			isa = PBXGroup;
			children = (
				D8ACDA5E28B30F7800729CBC /* FuniApp.app */,
			);
			name = Products;
			sourceTree = "<group>";
		};
		D8ACDA6028B30F7800729CBC /* FuniApp */ = {
			isa = PBXGroup;
			children = (
				D8ACDA6128B30F7800729CBC /* AppDelegate.swift */,
				D8ACDA6328B30F7800729CBC /* SceneDelegate.swift */,
				D8ACDA6528B30F7800729CBC /* ViewController.swift */,
				D8ACDA6728B30F7800729CBC /* Main.storyboard */,
				D8ACDA6A28B30F8200729CBC /* Assets.xcassets */,
				D8ACDA6C28B30F8200729CBC /* LaunchScreen.storyboard */,
				D8ACDA6F28B30F8200729CBC /* Info.plist */,
				D8906EBD28B56AC100A90355 /* AcademyModel.swift */,
				D8906EC328B5F02700A90355 /* AcademyTableViewCell.swift */,
				D8906EC428B5F02700A90355 /* AcademyTableViewCell.xib */,
			);
			path = FuniApp;
			sourceTree = "<group>";
		};
/* End PBXGroup section */

/* Begin PBXNativeTarget section */
		D8ACDA5D28B30F7800729CBC /* FuniApp */ = {
			isa = PBXNativeTarget;
			buildConfigurationList = D8ACDA7228B30F8200729CBC /* Build configuration list for PBXNativeTarget "FuniApp" */;
			buildPhases = (
				D8ACDA5A28B30F7800729CBC /* Sources */,
				D8ACDA5B28B30F7800729CBC /* Frameworks */,
				D8ACDA5C28B30F7800729CBC /* Resources */,
			);
			buildRules = (
			);
			dependencies = (
			);
			name = FuniApp;
			productName = FuniApp;
			productReference = D8ACDA5E28B30F7800729CBC /* FuniApp.app */;
			productType = "com.apple.product-type.application";
		};
/* End PBXNativeTarget section */

/* Begin PBXProject section */
		D8ACDA5628B30F7800729CBC /* Project object */ = {
			isa = PBXProject;
			attributes = {
				BuildIndependentTargetsInParallel = 1;
				LastSwiftUpdateCheck = 1300;
				LastUpgradeCheck = 1300;
				TargetAttributes = {
					D8ACDA5D28B30F7800729CBC = {
						CreatedOnToolsVersion = 13.0;
					};
				};
			};
			buildConfigurationList = D8ACDA5928B30F7800729CBC /* Build configuration list for PBXProject "FuniApp" */;
			compatibilityVersion = "Xcode 13.0";
			developmentRegion = en;
			hasScannedForEncodings = 0;
			knownRegions = (
				en,
				Base,
			);
			mainGroup = D8ACDA5528B30F7800729CBC;
			productRefGroup = D8ACDA5F28B30F7800729CBC /* Products */;
			projectDirPath = "";
			projectRoot = "";
			targets = (
				D8ACDA5D28B30F7800729CBC /* FuniApp */,
			);
		};
/* End PBXProject section */

/* Begin PBXResourcesBuildPhase section */
		D8ACDA5C28B30F7800729CBC /* Resources */ = {
			isa = PBXResourcesBuildPhase;
			buildActionMask = 2147483647;
			files = (
				D8906EC628B5F02700A90355 /* AcademyTableViewCell.xib in Resources */,
				D8ACDA6E28B30F8200729CBC /* LaunchScreen.storyboard in Resources */,
				D8ACDA6B28B30F8200729CBC /* Assets.xcassets in Resources */,
				D8ACDA6928B30F7800729CBC /* Main.storyboard in Resources */,
			);
			runOnlyForDeploymentPostprocessing = 0;
		};
/* End PBXResourcesBuildPhase section */

/* Begin PBXSourcesBuildPhase section */
		D8ACDA5A28B30F7800729CBC /* Sources */ = {
			isa = PBXSourcesBuildPhase;
			buildActionMask = 2147483647;
			files = (
				D8ACDA6628B30F7800729CBC /* ViewController.swift in Sources */,
				D8ACDA6228B30F7800729CBC /* AppDelegate.swift in Sources */,
				D8906EBE28B56AC100A90355 /* AcademyModel.swift in Sources */,
				D8ACDA6428B30F7800729CBC /* SceneDelegate.swift in Sources */,
				D8906EC528B5F02700A90355 /* AcademyTableViewCell.swift in Sources */,
			);
			runOnlyForDeploymentPostprocessing = 0;
		};
/* End PBXSourcesBuildPhase section */

/* Begin PBXVariantGroup section */
		D8ACDA6728B30F7800729CBC /* Main.storyboard */ = {
			isa = PBXVariantGroup;
			children = (
				D8ACDA6828B30F7800729CBC /* Base */,
			);
			name = Main.storyboard;
			sourceTree = "<group>";
		};
		D8ACDA6C28B30F8200729CBC /* LaunchScreen.storyboard */ = {
			isa = PBXVariantGroup;
			children = (
				D8ACDA6D28B30F8200729CBC /* Base */,
			);
			name = LaunchScreen.storyboard;
			sourceTree = "<group>";
		};
/* End PBXVariantGroup section */

/* Begin XCBuildConfiguration section */
		D8ACDA7028B30F8200729CBC /* Debug */ = {
			isa = XCBuildConfiguration;
			buildSettings = {
				ALWAYS_SEARCH_USER_PATHS = NO;
				CLANG_ANALYZER_NONNULL = YES;
				CLANG_ANALYZER_NUMBER_OBJECT_CONVERSION = YES_AGGRESSIVE;
				CLANG_CXX_LANGUAGE_STANDARD = "gnu++17";
				CLANG_CXX_LIBRARY = "libc++";
				CLANG_ENABLE_MODULES = YES;
				CLANG_ENABLE_OBJC_ARC = YES;
				CLANG_ENABLE_OBJC_WEAK = YES;
				CLANG_WARN_BLOCK_CAPTURE_AUTORELEASING = YES;
				CLANG_WARN_BOOL_CONVERSION = YES;
				CLANG_WARN_COMMA = YES;
				CLANG_WARN_CONSTANT_CONVERSION = YES;
				CLANG_WARN_DEPRECATED_OBJC_IMPLEMENTATIONS = YES;
				CLANG_WARN_DIRECT_OBJC_ISA_USAGE = YES_ERROR;
				CLANG_WARN_DOCUMENTATION_COMMENTS = YES;
				CLANG_WARN_EMPTY_BODY = YES;
				CLANG_WARN_ENUM_CONVERSION = YES;
				CLANG_WARN_INFINITE_RECURSION = YES;
				CLANG_WARN_INT_CONVERSION = YES;
				CLANG_WARN_NON_LITERAL_NULL_CONVERSION = YES;
				CLANG_WARN_OBJC_IMPLICIT_RETAIN_SELF = YES;
				CLANG_WARN_OBJC_LITERAL_CONVERSION = YES;
				CLANG_WARN_OBJC_ROOT_CLASS = YES_ERROR;
				CLANG_WARN_QUOTED_INCLUDE_IN_FRAMEWORK_HEADER = YES;
				CLANG_WARN_RANGE_LOOP_ANALYSIS = YES;
				CLANG_WARN_STRICT_PROTOTYPES = YES;
				CLANG_WARN_SUSPICIOUS_MOVE = YES;
				CLANG_WARN_UNGUARDED_AVAILABILITY = YES_AGGRESSIVE;
				CLANG_WARN_UNREACHABLE_CODE = YES;
				CLANG_WARN__DUPLICATE_METHOD_MATCH = YES;
				COPY_PHASE_STRIP = NO;
				DEBUG_INFORMATION_FORMAT = dwarf;
				ENABLE_STRICT_OBJC_MSGSEND = YES;
				ENABLE_TESTABILITY = YES;
				GCC_C_LANGUAGE_STANDARD = gnu11;
				GCC_DYNAMIC_NO_PIC = NO;
				GCC_NO_COMMON_BLOCKS = YES;
				GCC_OPTIMIZATION_LEVEL = 0;
				GCC_PREPROCESSOR_DEFINITIONS = (
					"DEBUG=1",
					"$(inherited)",
				);
				GCC_WARN_64_TO_32_BIT_CONVERSION = YES;
				GCC_WARN_ABOUT_RETURN_TYPE = YES_ERROR;
				GCC_WARN_UNDECLARED_SELECTOR = YES;
				GCC_WARN_UNINITIALIZED_AUTOS = YES_AGGRESSIVE;
				GCC_WARN_UNUSED_FUNCTION = YES;
				GCC_WARN_UNUSED_VARIABLE = YES;
				IPHONEOS_DEPLOYMENT_TARGET = 15.0;
				MTL_ENABLE_DEBUG_INFO = INCLUDE_SOURCE;
				MTL_FAST_MATH = YES;
				ONLY_ACTIVE_ARCH = YES;
				SDKROOT = iphoneos;
				SWIFT_ACTIVE_COMPILATION_CONDITIONS = DEBUG;
				SWIFT_OPTIMIZATION_LEVEL = "-Onone";
			};
			name = Debug;
		};
		D8ACDA7128B30F8200729CBC /* Release */ = {
			isa = XCBuildConfiguration;
			buildSettings = {
				ALWAYS_SEARCH_USER_PATHS = NO;
				CLANG_ANALYZER_NONNULL = YES;
				CLANG_ANALYZER_NUMBER_OBJECT_CONVERSION = YES_AGGRESSIVE;
				CLANG_CXX_LANGUAGE_STANDARD = "gnu++17";
				CLANG_CXX_LIBRARY = "libc++";
				CLANG_ENABLE_MODULES = YES;
				CLANG_ENABLE_OBJC_ARC = YES;
				CLANG_ENABLE_OBJC_WEAK = YES;
				CLANG_WARN_BLOCK_CAPTURE_AUTORELEASING = YES;
				CLANG_WARN_BOOL_CONVERSION = YES;
				CLANG_WARN_COMMA = YES;
				CLANG_WARN_CONSTANT_CONVERSION = YES;
				CLANG_WARN_DEPRECATED_OBJC_IMPLEMENTATIONS = YES;
				CLANG_WARN_DIRECT_OBJC_ISA_USAGE = YES_ERROR;
				CLANG_WARN_DOCUMENTATION_COMMENTS = YES;
				CLANG_WARN_EMPTY_BODY = YES;
				CLANG_WARN_ENUM_CONVERSION = YES;
				CLANG_WARN_INFINITE_RECURSION = YES;
				CLANG_WARN_INT_CONVERSION = YES;
				CLANG_WARN_NON_LITERAL_NULL_CONVERSION = YES;
				CLANG_WARN_OBJC_IMPLICIT_RETAIN_SELF = YES;
				CLANG_WARN_OBJC_LITERAL_CONVERSION = YES;
				CLANG_WARN_OBJC_ROOT_CLASS = YES_ERROR;
				CLANG_WARN_QUOTED_INCLUDE_IN_FRAMEWORK_HEADER = YES;
				CLANG_WARN_RANGE_LOOP_ANALYSIS = YES;
				CLANG_WARN_STRICT_PROTOTYPES = YES;
				CLANG_WARN_SUSPICIOUS_MOVE = YES;
				CLANG_WARN_UNGUARDED_AVAILABILITY = YES_AGGRESSIVE;
				CLANG_WARN_UNREACHABLE_CODE = YES;
				CLANG_WARN__DUPLICATE_METHOD_MATCH = YES;
				COPY_PHASE_STRIP = NO;
				DEBUG_INFORMATION_FORMAT = "dwarf-with-dsym";
				ENABLE_NS_ASSERTIONS = NO;
				ENABLE_STRICT_OBJC_MSGSEND = YES;
				GCC_C_LANGUAGE_STANDARD = gnu11;
				GCC_NO_COMMON_BLOCKS = YES;
				GCC_WARN_64_TO_32_BIT_CONVERSION = YES;
				GCC_WARN_ABOUT_RETURN_TYPE = YES_ERROR;
				GCC_WARN_UNDECLARED_SELECTOR = YES;
				GCC_WARN_UNINITIALIZED_AUTOS = YES_AGGRESSIVE;
				GCC_WARN_UNUSED_FUNCTION = YES;
				GCC_WARN_UNUSED_VARIABLE = YES;
				IPHONEOS_DEPLOYMENT_TARGET = 15.0;
				MTL_ENABLE_DEBUG_INFO = NO;
				MTL_FAST_MATH = YES;
				SDKROOT = iphoneos;
				SWIFT_COMPILATION_MODE = wholemodule;
				SWIFT_OPTIMIZATION_LEVEL = "-O";
				VALIDATE_PRODUCT = YES;
			};
			name = Release;
		};
		D8ACDA7328B30F8200729CBC /* Debug */ = {
			isa = XCBuildConfiguration;
			buildSettings = {
				ASSETCATALOG_COMPILER_APPICON_NAME = AppIcon;
				ASSETCATALOG_COMPILER_GLOBAL_ACCENT_COLOR_NAME = AccentColor;
				CODE_SIGN_STYLE = Automatic;
				CURRENT_PROJECT_VERSION = 1;
				GENERATE_INFOPLIST_FILE = YES;
				INFOPLIST_FILE = FuniApp/Info.plist;
				INFOPLIST_KEY_UIApplicationSupportsIndirectInputEvents = YES;
				INFOPLIST_KEY_UILaunchStoryboardName = LaunchScreen;
				INFOPLIST_KEY_UIMainStoryboardFile = Main;
				INFOPLIST_KEY_UISupportedInterfaceOrientations_iPad = "UIInterfaceOrientationPortrait UIInterfaceOrientationPortraitUpsideDown UIInterfaceOrientationLandscapeLeft UIInterfaceOrientationLandscapeRight";
				INFOPLIST_KEY_UISupportedInterfaceOrientations_iPhone = "UIInterfaceOrientationPortrait UIInterfaceOrientationLandscapeLeft UIInterfaceOrientationLandscapeRight";
				LD_RUNPATH_SEARCH_PATHS = (
					"$(inherited)",
					"@executable_path/Frameworks",
				);
				MARKETING_VERSION = 1.0;
				PRODUCT_BUNDLE_IDENTIFIER = me.suryaharahap.FuniApp;
				PRODUCT_NAME = "$(TARGET_NAME)";
				SWIFT_EMIT_LOC_STRINGS = YES;
				SWIFT_VERSION = 5.0;
				TARGETED_DEVICE_FAMILY = "1,2";
			};
			name = Debug;
		};
		D8ACDA7428B30F8200729CBC /* Release */ = {
			isa = XCBuildConfiguration;
			buildSettings = {
				ASSETCATALOG_COMPILER_APPICON_NAME = AppIcon;
				ASSETCATALOG_COMPILER_GLOBAL_ACCENT_COLOR_NAME = AccentColor;
				CODE_SIGN_STYLE = Automatic;
				CURRENT_PROJECT_VERSION = 1;
				GENERATE_INFOPLIST_FILE = YES;
				INFOPLIST_FILE = FuniApp/Info.plist;
				INFOPLIST_KEY_UIApplicationSupportsIndirectInputEvents = YES;
				INFOPLIST_KEY_UILaunchStoryboardName = LaunchScreen;
				INFOPLIST_KEY_UIMainStoryboardFile = Main;
				INFOPLIST_KEY_UISupportedInterfaceOrientations_iPad = "UIInterfaceOrientationPortrait UIInterfaceOrientationPortraitUpsideDown UIInterfaceOrientationLandscapeLeft UIInterfaceOrientationLandscapeRight";
				INFOPLIST_KEY_UISupportedInterfaceOrientations_iPhone = "UIInterfaceOrientationPortrait UIInterfaceOrientationLandscapeLeft UIInterfaceOrientationLandscapeRight";
				LD_RUNPATH_SEARCH_PATHS = (
					"$(inherited)",
					"@executable_path/Frameworks",
				);
				MARKETING_VERSION = 1.0;
				PRODUCT_BUNDLE_IDENTIFIER = me.suryaharahap.FuniApp;
				PRODUCT_NAME = "$(TARGET_NAME)";
				SWIFT_EMIT_LOC_STRINGS = YES;
				SWIFT_VERSION = 5.0;
				TARGETED_DEVICE_FAMILY = "1,2";
			};
			name = Release;
		};
/* End XCBuildConfiguration section */

/* Begin XCConfigurationList section */
		D8ACDA5928B30F7800729CBC /* Build configuration list for PBXProject "FuniApp" */ = {
			isa = XCConfigurationList;
			buildConfigurations = (
				D8ACDA7028B30F8200729CBC /* Debug */,
				D8ACDA7128B30F8200729CBC /* Release */,
			);
			defaultConfigurationIsVisible = 0;
			defaultConfigurationName = Release;
		};
		D8ACDA7228B30F8200729CBC /* Build configuration list for PBXNativeTarget "FuniApp" */ = {
			isa = XCConfigurationList;
			buildConfigurations = (
				D8ACDA7328B30F8200729CBC /* Debug */,
				D8ACDA7428B30F8200729CBC /* Release */,
			);
			defaultConfigurationIsVisible = 0;
			defaultConfigurationName = Release;
		};
/* End XCConfigurationList section */
	};
	rootObject = D8ACDA5628B30F7800729CBC /* Project object */;
}
